
Microsoft Visual Studio Solution File, Format Version 12.00
# Visual Studio 2013
VisualStudioVersion = 12.0.30723.0
MinimumVisualStudioVersion = 10.0.40219.1
Project("{2150E333-8FDC-42A3-9474-1A3956D46DE8}") = "01Queue", "01Queue", "{958EEF89-CF31-4A27-BDC2-2746CD60BAA6}"
EndProject
Project("{FAE04EC0-301F-11D3-BF4B-00C04F79EFBC}") = "Common", "Common\Common.csproj", "{C5CAD995-180F-4521-9B8B-3C7B647183E6}"
EndProject
Project("{FAE04EC0-301F-11D3-BF4B-00C04F79EFBC}") = "QueueSender", "QueueSender\QueueSender.csproj", "{74D45837-BBAF-4486-A403-CD79D1AAB585}"
EndProject
Project("{FAE04EC0-301F-11D3-BF4B-00C04F79EFBC}") = "QueueReceiver", "QueueReceiver\QueueReceiver.csproj", "{6BBDE99C-0AE0-4B0B-B89C-B6193E432582}"
EndProject
Project("{FAE04EC0-301F-11D3-BF4B-00C04F79EFBC}") = "QueueOrchestrator", "QueueOrchestrator\QueueOrchestrator.csproj", "{410B4FF8-5CE1-4998-A224-89DA89DFFC24}"
EndProject
Project("{2150E333-8FDC-42A3-9474-1A3956D46DE8}") = "02PubSub", "02PubSub", "{04104102-B658-4F74-9AE2-EE13D02A5D47}"
EndProject
Project("{FAE04EC0-301F-11D3-BF4B-00C04F79EFBC}") = "PubSubOrchestrator", "PubSubOrchestrator\PubSubOrchestrator.csproj", "{18A3B718-EA30-48E6-A438-ECFEC4A55223}"
EndProject
Project("{FAE04EC0-301F-11D3-BF4B-00C04F79EFBC}") = "PubSubSender", "PubSubSender\PubSubSender.csproj", "{A1C073F1-9554-4F53-BE74-229163AA49CC}"
EndProject
Project("{FAE04EC0-301F-11D3-BF4B-00C04F79EFBC}") = "PubSubReceiverCyan", "PubSubReceiverCyan\PubSubReceiverCyan.csproj", "{FE744D96-61CC-42E2-B600-FA5B815DBE1A}"
EndProject
Project("{FAE04EC0-301F-11D3-BF4B-00C04F79EFBC}") = "PubSubReceiverYellow", "PubSubReceiverYellow\PubSubReceiverYellow.csproj", "{DF737560-F8EC-41FA-913C-B0039539368F}"
EndProject
Project("{2150E333-8FDC-42A3-9474-1A3956D46DE8}") = "03ScatterGather", "03ScatterGather", "{752EF9A8-2E63-418F-929F-78F2DD1A32B7}"
EndProject
Project("{FAE04EC0-301F-11D3-BF4B-00C04F79EFBC}") = "ScatterGatherOrchestrator", "ScatterGatherOrchestrator\ScatterGatherOrchestrator.csproj", "{3CB8E20F-9362-45CF-8A0F-6E6386C29CD6}"
EndProject
Project("{FAE04EC0-301F-11D3-BF4B-00C04F79EFBC}") = "ScatterGatherSender", "ScatterGatherSender\ScatterGatherSender.csproj", "{986E7E2E-9236-40AD-A928-32633B17A815}"
EndProject
Project("{FAE04EC0-301F-11D3-BF4B-00C04F79EFBC}") = "ScatterGatherVendorA", "ScatterGatherVendorA\ScatterGatherVendorA.csproj", "{B76C7FB0-772A-421C-B876-9E1F1E0B6AC4}"
EndProject
Project("{FAE04EC0-301F-11D3-BF4B-00C04F79EFBC}") = "ScatterGatherVendorB", "ScatterGatherVendorB\ScatterGatherVendorB.csproj", "{C4FAB6B9-24C4-438C-9EB0-A283272953F2}"
EndProject
Project("{FAE04EC0-301F-11D3-BF4B-00C04F79EFBC}") = "ScatterGatherAggregator", "ScatterGatherAggregator\ScatterGatherAggregator.csproj", "{74F19E3D-C6F0-4D70-B259-712E249525C6}"
EndProject
Project("{2150E333-8FDC-42A3-9474-1A3956D46DE8}") = "04DeadLettering", "04DeadLettering", "{935C77C3-DC30-44EE-9AAF-2AD91743AABA}"
EndProject
Project("{FAE04EC0-301F-11D3-BF4B-00C04F79EFBC}") = "DeadLetteringOrchestrator", "DeadLetteringOrchestrator\DeadLetteringOrchestrator.csproj", "{76155883-E384-406F-91F1-4EEB7352A928}"
EndProject
Project("{FAE04EC0-301F-11D3-BF4B-00C04F79EFBC}") = "DeadLetteringSender", "DeadLetteringSender\DeadLetteringSender.csproj", "{14BFC7E4-80BC-40C7-A148-31FAB91777D0}"
EndProject
Project("{FAE04EC0-301F-11D3-BF4B-00C04F79EFBC}") = "DeadLetteringReceiver", "DeadLetteringReceiver\DeadLetteringReceiver.csproj", "{307AF91F-A447-4CD7-8BA2-2745897DD642}"
EndProject
Project("{FAE04EC0-301F-11D3-BF4B-00C04F79EFBC}") = "DeadLetteringDeadLetterReceiver", "DeadLetteringDeadLetterReceiver\DeadLetteringDeadLetterReceiver.csproj", "{B2F6EB8C-9F93-4047-B5E9-18A3FFD80206}"
EndProject
Global
	GlobalSection(SolutionConfigurationPlatforms) = preSolution
		Debug|Any CPU = Debug|Any CPU
		Release|Any CPU = Release|Any CPU
	EndGlobalSection
	GlobalSection(ProjectConfigurationPlatforms) = postSolution
		{C5CAD995-180F-4521-9B8B-3C7B647183E6}.Debug|Any CPU.ActiveCfg = Debug|Any CPU
		{C5CAD995-180F-4521-9B8B-3C7B647183E6}.Debug|Any CPU.Build.0 = Debug|Any CPU
		{C5CAD995-180F-4521-9B8B-3C7B647183E6}.Release|Any CPU.ActiveCfg = Release|Any CPU
		{C5CAD995-180F-4521-9B8B-3C7B647183E6}.Release|Any CPU.Build.0 = Release|Any CPU
		{74D45837-BBAF-4486-A403-CD79D1AAB585}.Debug|Any CPU.ActiveCfg = Debug|Any CPU
		{74D45837-BBAF-4486-A403-CD79D1AAB585}.Debug|Any CPU.Build.0 = Debug|Any CPU
		{74D45837-BBAF-4486-A403-CD79D1AAB585}.Release|Any CPU.ActiveCfg = Release|Any CPU
		{74D45837-BBAF-4486-A403-CD79D1AAB585}.Release|Any CPU.Build.0 = Release|Any CPU
		{6BBDE99C-0AE0-4B0B-B89C-B6193E432582}.Debug|Any CPU.ActiveCfg = Debug|Any CPU
		{6BBDE99C-0AE0-4B0B-B89C-B6193E432582}.Debug|Any CPU.Build.0 = Debug|Any CPU
		{6BBDE99C-0AE0-4B0B-B89C-B6193E432582}.Release|Any CPU.ActiveCfg = Release|Any CPU
		{6BBDE99C-0AE0-4B0B-B89C-B6193E432582}.Release|Any CPU.Build.0 = Release|Any CPU
		{410B4FF8-5CE1-4998-A224-89DA89DFFC24}.Debug|Any CPU.ActiveCfg = Debug|Any CPU
		{410B4FF8-5CE1-4998-A224-89DA89DFFC24}.Debug|Any CPU.Build.0 = Debug|Any CPU
		{410B4FF8-5CE1-4998-A224-89DA89DFFC24}.Release|Any CPU.ActiveCfg = Release|Any CPU
		{410B4FF8-5CE1-4998-A224-89DA89DFFC24}.Release|Any CPU.Build.0 = Release|Any CPU
		{18A3B718-EA30-48E6-A438-ECFEC4A55223}.Debug|Any CPU.ActiveCfg = Debug|Any CPU
		{18A3B718-EA30-48E6-A438-ECFEC4A55223}.Debug|Any CPU.Build.0 = Debug|Any CPU
		{18A3B718-EA30-48E6-A438-ECFEC4A55223}.Release|Any CPU.ActiveCfg = Release|Any CPU
		{18A3B718-EA30-48E6-A438-ECFEC4A55223}.Release|Any CPU.Build.0 = Release|Any CPU
		{A1C073F1-9554-4F53-BE74-229163AA49CC}.Debug|Any CPU.ActiveCfg = Debug|Any CPU
		{A1C073F1-9554-4F53-BE74-229163AA49CC}.Debug|Any CPU.Build.0 = Debug|Any CPU
		{A1C073F1-9554-4F53-BE74-229163AA49CC}.Release|Any CPU.ActiveCfg = Release|Any CPU
		{A1C073F1-9554-4F53-BE74-229163AA49CC}.Release|Any CPU.Build.0 = Release|Any CPU
		{FE744D96-61CC-42E2-B600-FA5B815DBE1A}.Debug|Any CPU.ActiveCfg = Debug|Any CPU
		{FE744D96-61CC-42E2-B600-FA5B815DBE1A}.Debug|Any CPU.Build.0 = Debug|Any CPU
		{FE744D96-61CC-42E2-B600-FA5B815DBE1A}.Release|Any CPU.ActiveCfg = Release|Any CPU
		{FE744D96-61CC-42E2-B600-FA5B815DBE1A}.Release|Any CPU.Build.0 = Release|Any CPU
		{DF737560-F8EC-41FA-913C-B0039539368F}.Debug|Any CPU.ActiveCfg = Debug|Any CPU
		{DF737560-F8EC-41FA-913C-B0039539368F}.Debug|Any CPU.Build.0 = Debug|Any CPU
		{DF737560-F8EC-41FA-913C-B0039539368F}.Release|Any CPU.ActiveCfg = Release|Any CPU
		{DF737560-F8EC-41FA-913C-B0039539368F}.Release|Any CPU.Build.0 = Release|Any CPU
		{3CB8E20F-9362-45CF-8A0F-6E6386C29CD6}.Debug|Any CPU.ActiveCfg = Debug|Any CPU
		{3CB8E20F-9362-45CF-8A0F-6E6386C29CD6}.Debug|Any CPU.Build.0 = Debug|Any CPU
		{3CB8E20F-9362-45CF-8A0F-6E6386C29CD6}.Release|Any CPU.ActiveCfg = Release|Any CPU
		{3CB8E20F-9362-45CF-8A0F-6E6386C29CD6}.Release|Any CPU.Build.0 = Release|Any CPU
		{986E7E2E-9236-40AD-A928-32633B17A815}.Debug|Any CPU.ActiveCfg = Debug|Any CPU
		{986E7E2E-9236-40AD-A928-32633B17A815}.Debug|Any CPU.Build.0 = Debug|Any CPU
		{986E7E2E-9236-40AD-A928-32633B17A815}.Release|Any CPU.ActiveCfg = Release|Any CPU
		{986E7E2E-9236-40AD-A928-32633B17A815}.Release|Any CPU.Build.0 = Release|Any CPU
		{B76C7FB0-772A-421C-B876-9E1F1E0B6AC4}.Debug|Any CPU.ActiveCfg = Debug|Any CPU
		{B76C7FB0-772A-421C-B876-9E1F1E0B6AC4}.Debug|Any CPU.Build.0 = Debug|Any CPU
		{B76C7FB0-772A-421C-B876-9E1F1E0B6AC4}.Release|Any CPU.ActiveCfg = Release|Any CPU
		{B76C7FB0-772A-421C-B876-9E1F1E0B6AC4}.Release|Any CPU.Build.0 = Release|Any CPU
		{C4FAB6B9-24C4-438C-9EB0-A283272953F2}.Debug|Any CPU.ActiveCfg = Debug|Any CPU
		{C4FAB6B9-24C4-438C-9EB0-A283272953F2}.Debug|Any CPU.Build.0 = Debug|Any CPU
		{C4FAB6B9-24C4-438C-9EB0-A283272953F2}.Release|Any CPU.ActiveCfg = Release|Any CPU
		{C4FAB6B9-24C4-438C-9EB0-A283272953F2}.Release|Any CPU.Build.0 = Release|Any CPU
		{74F19E3D-C6F0-4D70-B259-712E249525C6}.Debug|Any CPU.ActiveCfg = Debug|Any CPU
		{74F19E3D-C6F0-4D70-B259-712E249525C6}.Debug|Any CPU.Build.0 = Debug|Any CPU
		{74F19E3D-C6F0-4D70-B259-712E249525C6}.Release|Any CPU.ActiveCfg = Release|Any CPU
		{74F19E3D-C6F0-4D70-B259-712E249525C6}.Release|Any CPU.Build.0 = Release|Any CPU
		{76155883-E384-406F-91F1-4EEB7352A928}.Debug|Any CPU.ActiveCfg = Debug|Any CPU
		{76155883-E384-406F-91F1-4EEB7352A928}.Debug|Any CPU.Build.0 = Debug|Any CPU
		{76155883-E384-406F-91F1-4EEB7352A928}.Release|Any CPU.ActiveCfg = Release|Any CPU
		{76155883-E384-406F-91F1-4EEB7352A928}.Release|Any CPU.Build.0 = Release|Any CPU
		{14BFC7E4-80BC-40C7-A148-31FAB91777D0}.Debug|Any CPU.ActiveCfg = Debug|Any CPU
		{14BFC7E4-80BC-40C7-A148-31FAB91777D0}.Debug|Any CPU.Build.0 = Debug|Any CPU
		{14BFC7E4-80BC-40C7-A148-31FAB91777D0}.Release|Any CPU.ActiveCfg = Release|Any CPU
		{14BFC7E4-80BC-40C7-A148-31FAB91777D0}.Release|Any CPU.Build.0 = Release|Any CPU
		{307AF91F-A447-4CD7-8BA2-2745897DD642}.Debug|Any CPU.ActiveCfg = Debug|Any CPU
		{307AF91F-A447-4CD7-8BA2-2745897DD642}.Debug|Any CPU.Build.0 = Debug|Any CPU
		{307AF91F-A447-4CD7-8BA2-2745897DD642}.Release|Any CPU.ActiveCfg = Release|Any CPU
		{307AF91F-A447-4CD7-8BA2-2745897DD642}.Release|Any CPU.Build.0 = Release|Any CPU
		{B2F6EB8C-9F93-4047-B5E9-18A3FFD80206}.Debug|Any CPU.ActiveCfg = Debug|Any CPU
		{B2F6EB8C-9F93-4047-B5E9-18A3FFD80206}.Debug|Any CPU.Build.0 = Debug|Any CPU
		{B2F6EB8C-9F93-4047-B5E9-18A3FFD80206}.Release|Any CPU.ActiveCfg = Release|Any CPU
		{B2F6EB8C-9F93-4047-B5E9-18A3FFD80206}.Release|Any CPU.Build.0 = Release|Any CPU
	EndGlobalSection
	GlobalSection(SolutionProperties) = preSolution
		HideSolutionNode = FALSE
	EndGlobalSection
	GlobalSection(NestedProjects) = preSolution
		{74D45837-BBAF-4486-A403-CD79D1AAB585} = {958EEF89-CF31-4A27-BDC2-2746CD60BAA6}
		{6BBDE99C-0AE0-4B0B-B89C-B6193E432582} = {958EEF89-CF31-4A27-BDC2-2746CD60BAA6}
		{410B4FF8-5CE1-4998-A224-89DA89DFFC24} = {958EEF89-CF31-4A27-BDC2-2746CD60BAA6}
		{18A3B718-EA30-48E6-A438-ECFEC4A55223} = {04104102-B658-4F74-9AE2-EE13D02A5D47}
		{A1C073F1-9554-4F53-BE74-229163AA49CC} = {04104102-B658-4F74-9AE2-EE13D02A5D47}
		{FE744D96-61CC-42E2-B600-FA5B815DBE1A} = {04104102-B658-4F74-9AE2-EE13D02A5D47}
		{DF737560-F8EC-41FA-913C-B0039539368F} = {04104102-B658-4F74-9AE2-EE13D02A5D47}
		{3CB8E20F-9362-45CF-8A0F-6E6386C29CD6} = {752EF9A8-2E63-418F-929F-78F2DD1A32B7}
		{986E7E2E-9236-40AD-A928-32633B17A815} = {752EF9A8-2E63-418F-929F-78F2DD1A32B7}
		{B76C7FB0-772A-421C-B876-9E1F1E0B6AC4} = {752EF9A8-2E63-418F-929F-78F2DD1A32B7}
		{C4FAB6B9-24C4-438C-9EB0-A283272953F2} = {752EF9A8-2E63-418F-929F-78F2DD1A32B7}
		{74F19E3D-C6F0-4D70-B259-712E249525C6} = {752EF9A8-2E63-418F-929F-78F2DD1A32B7}
		{76155883-E384-406F-91F1-4EEB7352A928} = {935C77C3-DC30-44EE-9AAF-2AD91743AABA}
		{14BFC7E4-80BC-40C7-A148-31FAB91777D0} = {935C77C3-DC30-44EE-9AAF-2AD91743AABA}
		{307AF91F-A447-4CD7-8BA2-2745897DD642} = {935C77C3-DC30-44EE-9AAF-2AD91743AABA}
		{B2F6EB8C-9F93-4047-B5E9-18A3FFD80206} = {935C77C3-DC30-44EE-9AAF-2AD91743AABA}
	EndGlobalSection
EndGlobal
